
Microsoft Visual Studio Solution File, Format Version 12.00
# Visual Studio Version 17
VisualStudioVersion = 17.5.33627.172
MinimumVisualStudioVersion = 10.0.40219.1
Project("{8BC9CEB8-8B4A-11D0-8D11-00A0C91BC942}") = "Unpack_enum_scr", "Get_enum_scr\Get_enum_scr.vcxproj", "{FCDD2533-CC8F-4456-B7E3-1BC6F5DB72A0}"
EndProject
Project("{8BC9CEB8-8B4A-11D0-8D11-00A0C91BC942}") = "Pack_enum_scr", "Pack_enum_scr\Pack_enum_scr.vcxproj", "{D166A68D-9A8B-4529-BD3B-01BDC24FA018}"
EndProject
Global
	GlobalSection(SolutionConfigurationPlatforms) = preSolution
		Debug|x64 = Debug|x64
		Debug|x86 = Debug|x86
		Release|x64 = Release|x64
		Release|x86 = Release|x86
	EndGlobalSection
	GlobalSection(ProjectConfigurationPlatforms) = postSolution
		{FCDD2533-CC8F-4456-B7E3-1BC6F5DB72A0}.Debug|x64.ActiveCfg = Debug|x64
		{FCDD2533-CC8F-4456-B7E3-1BC6F5DB72A0}.Debug|x64.Build.0 = Debug|x64
		{FCDD2533-CC8F-4456-B7E3-1BC6F5DB72A0}.Debug|x86.ActiveCfg = Debug|Win32
		{FCDD2533-CC8F-4456-B7E3-1BC6F5DB72A0}.Debug|x86.Build.0 = Debug|Win32
		{FCDD2533-CC8F-4456-B7E3-1BC6F5DB72A0}.Release|x64.ActiveCfg = Release|x64
		{FCDD2533-CC8F-4456-B7E3-1BC6F5DB72A0}.Release|x64.Build.0 = Release|x64
		{FCDD2533-CC8F-4456-B7E3-1BC6F5DB72A0}.Release|x86.ActiveCfg = Release|Win32
		{FCDD2533-CC8F-4456-B7E3-1BC6F5DB72A0}.Release|x86.Build.0 = Release|Win32
		{D166A68D-9A8B-4529-BD3B-01BDC24FA018}.Debug|x64.ActiveCfg = Debug|x64
		{D166A68D-9A8B-4529-BD3B-01BDC24FA018}.Debug|x64.Build.0 = Debug|x64
		{D166A68D-9A8B-4529-BD3B-01BDC24FA018}.Debug|x86.ActiveCfg = Debug|Win32
		{D166A68D-9A8B-4529-BD3B-01BDC24FA018}.Debug|x86.Build.0 = Debug|Win32
		{D166A68D-9A8B-4529-BD3B-01BDC24FA018}.Release|x64.ActiveCfg = Release|x64
		{D166A68D-9A8B-4529-BD3B-01BDC24FA018}.Release|x64.Build.0 = Release|x64
		{D166A68D-9A8B-4529-BD3B-01BDC24FA018}.Release|x86.ActiveCfg = Release|Win32
		{D166A68D-9A8B-4529-BD3B-01BDC24FA018}.Release|x86.Build.0 = Release|Win32
	EndGlobalSection
	GlobalSection(SolutionProperties) = preSolution
		HideSolutionNode = FALSE
	EndGlobalSection
	GlobalSection(ExtensibilityGlobals) = postSolution
		SolutionGuid = {D2F82C50-9728-470A-BDFC-03BCE871F4EB}
	EndGlobalSection
EndGlobal
